
Microsoft Visual Studio Solution File, Format Version 12.00
# Visual Studio 2012
Project("{FAE04EC0-301F-11D3-BF4B-00C04F79EFBC}") = "PinotageTodo", "PinotageTodo.Web\PinotageTodo.csproj", "{1E25FA09-6E77-4E85-8EAB-9DE0A0E4F143}"
EndProject
Project("{FAE04EC0-301F-11D3-BF4B-00C04F79EFBC}") = "PinotageTodo.Tests", "PinotageTodo.Tests\PinotageTodo.Tests.csproj", "{505E46F5-0A00-4CBC-BBBA-95D3365B5FC3}"
EndProject
Project("{2150E333-8FDC-42A3-9474-1A3956D46DE8}") = "1 - src", "1 - src", "{773A8016-55A2-437F-BCF3-5539A6D805C3}"
EndProject
Project("{2150E333-8FDC-42A3-9474-1A3956D46DE8}") = "5 - tests", "5 - tests", "{3DAE144E-A4C8-44CA-BCFC-4C302AE6FB41}"
EndProject
Global
	GlobalSection(SolutionConfigurationPlatforms) = preSolution
		Debug|Any CPU = Debug|Any CPU
		Release|Any CPU = Release|Any CPU
	EndGlobalSection
	GlobalSection(ProjectConfigurationPlatforms) = postSolution
		{1E25FA09-6E77-4E85-8EAB-9DE0A0E4F143}.Debug|Any CPU.ActiveCfg = Debug|Any CPU
		{1E25FA09-6E77-4E85-8EAB-9DE0A0E4F143}.Debug|Any CPU.Build.0 = Debug|Any CPU
		{1E25FA09-6E77-4E85-8EAB-9DE0A0E4F143}.Release|Any CPU.ActiveCfg = Release|Any CPU
		{1E25FA09-6E77-4E85-8EAB-9DE0A0E4F143}.Release|Any CPU.Build.0 = Release|Any CPU
		{505E46F5-0A00-4CBC-BBBA-95D3365B5FC3}.Debug|Any CPU.ActiveCfg = Debug|Any CPU
		{505E46F5-0A00-4CBC-BBBA-95D3365B5FC3}.Debug|Any CPU.Build.0 = Debug|Any CPU
		{505E46F5-0A00-4CBC-BBBA-95D3365B5FC3}.Release|Any CPU.ActiveCfg = Release|Any CPU
		{505E46F5-0A00-4CBC-BBBA-95D3365B5FC3}.Release|Any CPU.Build.0 = Release|Any CPU
	EndGlobalSection
	GlobalSection(NestedProjects) = preSolution
		{505E46F5-0A00-4CBC-BBBA-95D3365B5FC3} = {3DAE144E-A4C8-44CA-BCFC-4C302AE6FB41}
		{1E25FA09-6E77-4E85-8EAB-9DE0A0E4F143} = {773A8016-55A2-437F-BCF3-5539A6D805C3}
	EndGlobalSection
EndGlobal
